
Microsoft Visual Studio Solution File, Format Version 12.00
# Visual Studio 15
VisualStudioVersion = 15.0.28307.645
MinimumVisualStudioVersion = 10.0.40219.1
Project("{FAE04EC0-301F-11D3-BF4B-00C04F79EFBC}") = "ToDo", "ToDo\ToDo.csproj", "{8788FACB-5C9F-4EC3-AF9E-1899B3756764}"
EndProject
Global
	GlobalSection(SolutionConfigurationPlatforms) = preSolution
		Debug|Any CPU = Debug|Any CPU
		Release|Any CPU = Release|Any CPU
	EndGlobalSection
	GlobalSection(ProjectConfigurationPlatforms) = postSolution
		{8788FACB-5C9F-4EC3-AF9E-1899B3756764}.Debug|Any CPU.ActiveCfg = Debug|Any CPU
		{8788FACB-5C9F-4EC3-AF9E-1899B3756764}.Debug|Any CPU.Build.0 = Debug|Any CPU
		{8788FACB-5C9F-4EC3-AF9E-1899B3756764}.Release|Any CPU.ActiveCfg = Release|Any CPU
		{8788FACB-5C9F-4EC3-AF9E-1899B3756764}.Release|Any CPU.Build.0 = Release|Any CPU
	EndGlobalSection
	GlobalSection(SolutionProperties) = preSolution
		HideSolutionNode = FALSE
	EndGlobalSection
	GlobalSection(ExtensibilityGlobals) = postSolution
		SolutionGuid = {AB7CAF75-B085-4287-906D-ABBD105C78E6}
	EndGlobalSection
EndGlobal
